<?xml version="1.0" encoding="utf-8"?>
<Project ToolsVersion="4.0" xmlns="http://schemas.microsoft.com/developer/msbuild/2003">
  <ItemGroup>
    <Filter Include="Granola">
      <UniqueIdentifier>{A90F2C6E-15EF-AA09-1E07-36E08A65116B}</UniqueIdentifier>
    </Filter>
    <Filter Include="Granola\Events">
      <UniqueIdentifier>{6D6310E3-5931-04E9-42C5-740F2E32E04D}</UniqueIdentifier>
    </Filter>
  </ItemGroup>
  <ItemGroup>
    <ClInclude Include="src\Granola.h" />
    <ClInclude Include="src\Granola\App.h">
      <Filter>Granola</Filter>
    </ClInclude>
    <ClInclude Include="src\Granola\Core.h">
      <Filter>Granola</Filter>
    </ClInclude>
    <ClInclude Include="src\Granola\EntryPoint.h">
      <Filter>Granola</Filter>
    </ClInclude>
    <ClInclude Include="src\Granola\Events\ApplicationEvent.h">
      <Filter>Granola\Events</Filter>
    </ClInclude>
    <ClInclude Include="src\Granola\Events\Event.h">
      <Filter>Granola\Events</Filter>
    </ClInclude>
    <ClInclude Include="src\Granola\Events\KeyEvent.h">
      <Filter>Granola\Events</Filter>
    </ClInclude>
    <ClInclude Include="src\Granola\Events\MouseEvent.h">
      <Filter>Granola\Events</Filter>
    </ClInclude>
    <ClInclude Include="src\Granola\Log.h">
      <Filter>Granola</Filter>
    </ClInclude>
    <ClInclude Include="src\grlpch.h" />
  </ItemGroup>
  <ItemGroup>
    <ClCompile Include="src\Granola\App.cpp">
      <Filter>Granola</Filter>
    </ClCompile>
    <ClCompile Include="src\Granola\Log.cpp">
      <Filter>Granola</Filter>
    </ClCompile>
    <ClCompile Include="src\grlpch.cpp" />
  </ItemGroup>
  <ItemGroup>
    <None Include="cpp.hint" />
    <None Include="ClassDiagram.cd" />
  </ItemGroup>
</Project>