<?xml version="1.0" encoding="utf-8"?>
<Project ToolsVersion="4.0" xmlns="http://schemas.microsoft.com/developer/msbuild/2003">
  <ItemGroup>
    <Filter Include="src">
      <UniqueIdentifier>{2DAB880B-99B4-887C-2230-9F7C8E38947C}</UniqueIdentifier>
    </Filter>
    <Filter Include="src\Granola">
      <UniqueIdentifier>{C00F6677-2CC5-DE6C-B5B9-D843216ED570}</UniqueIdentifier>
    </Filter>
    <Filter Include="src\Granola\Events">
      <UniqueIdentifier>{A483F440-9067-B596-F9C7-AFE9E5CA9F18}</UniqueIdentifier>
    </Filter>
    <Filter Include="src\Granola\ImGui">
      <UniqueIdentifier>{EA542BC4-566B-295A-9FE2-B47B0B38FAE1}</UniqueIdentifier>
    </Filter>
    <Filter Include="src\Granola\Renderer">
      <UniqueIdentifier>{660B1F47-529A-A810-FBB8-BC0BE726B9B6}</UniqueIdentifier>
    </Filter>
    <Filter Include="src\Platform">
      <UniqueIdentifier>{21CA02E5-0D2D-9289-B6B2-CA3FA2F45D0C}</UniqueIdentifier>
    </Filter>
    <Filter Include="src\Platform\OpenGL">
      <UniqueIdentifier>{35A49437-A105-7245-2A73-B8F796D3A804}</UniqueIdentifier>
    </Filter>
    <Filter Include="src\Platform\Windows">
      <UniqueIdentifier>{5B054582-4794-CE4B-F0B2-E246DC20DFF1}</UniqueIdentifier>
    </Filter>
    <Filter Include="vendor">
      <UniqueIdentifier>{B3738122-9F15-ACF8-88D0-BF4C74113349}</UniqueIdentifier>
    </Filter>
  </ItemGroup>
  <ItemGroup>
    <ClInclude Include="src\Granola.h">
      <Filter>src</Filter>
    </ClInclude>
    <ClInclude Include="src\Granola\Core\App.h">
      <Filter>src\Granola</Filter>
    </ClInclude>
    <ClInclude Include="src\Granola\Core\Base.h">
      <Filter>src\Granola</Filter>
    </ClInclude>
    <ClInclude Include="src\Granola\Core\EntryPoint.h">
      <Filter>src\Granola</Filter>
    </ClInclude>
    <ClInclude Include="src\Granola\Events\ApplicationEvent.h">
      <Filter>src\Granola\Events</Filter>
    </ClInclude>
    <ClInclude Include="src\Granola\Events\Event.h">
      <Filter>src\Granola\Events</Filter>
    </ClInclude>
    <ClInclude Include="src\Granola\Events\KeyEvent.h">
      <Filter>src\Granola\Events</Filter>
    </ClInclude>
    <ClInclude Include="src\Granola\Events\MouseEvent.h">
      <Filter>src\Granola\Events</Filter>
    </ClInclude>
    <ClInclude Include="src\Granola\ImGui\ImGuiLayer.h">
      <Filter>src\Granola\ImGui</Filter>
    </ClInclude>
    <ClInclude Include="src\Granola\Core\Input.h">
      <Filter>src\Granola</Filter>
    </ClInclude>
    <ClInclude Include="src\Granola\Core\KeyCodes.h">
      <Filter>src\Granola</Filter>
    </ClInclude>
    <ClInclude Include="src\Granola\Core\Layer.h">
      <Filter>src\Granola</Filter>
    </ClInclude>
    <ClInclude Include="src\Granola\Core\LayerStack.h">
      <Filter>src\Granola</Filter>
    </ClInclude>
    <ClInclude Include="src\Granola\Core\Log.h">
      <Filter>src\Granola</Filter>
    </ClInclude>
    <ClInclude Include="src\Granola\Core\MouseCodes.h">
      <Filter>src\Granola</Filter>
    </ClInclude>
    <ClInclude Include="src\Granola\Renderer\GraphicsContext.h">
      <Filter>src\Granola\Renderer</Filter>
    </ClInclude>
    <ClInclude Include="src\Granola\Core\Window.h">
      <Filter>src\Granola</Filter>
    </ClInclude>
    <ClInclude Include="src\Platform\OpenGL\OpenGLContext.h">
      <Filter>src\Platform\OpenGL</Filter>
    </ClInclude>
    <ClInclude Include="src\Platform\Windows\WindowsInput.h">
      <Filter>src\Platform\Windows</Filter>
    </ClInclude>
    <ClInclude Include="src\Platform\Windows\WindowsWindow.h">
      <Filter>src\Platform\Windows</Filter>
    </ClInclude>
    <ClInclude Include="src\grlpch.h">
      <Filter>src</Filter>
    </ClInclude>
    <ClInclude Include="src\Granola\Renderer\Shader.h" />
    <ClInclude Include="src\Granola\Renderer\Buffer.h" />
    <ClInclude Include="src\Platform\OpenGL\OpenGLBuffer.h" />
    <ClInclude Include="src\Granola\Renderer\Renderer.h" />
    <ClInclude Include="src\Granola\Renderer\VertexArray.h" />
    <ClInclude Include="src\Granola\Utilities\PlatformUtilities.h" />
    <ClInclude Include="src\Granola\Utilities\ColorUtilities.h" />
    <ClInclude Include="src\Platform\OpenGL\OpenGLVertexArray.h" />
  </ItemGroup>
  <ItemGroup>
    <ClCompile Include="src\Granola\Core\App.cpp">
      <Filter>src\Granola</Filter>
    </ClCompile>
    <ClCompile Include="src\Granola\ImGui\ImGuiBuild.cpp">
      <Filter>src\Granola\ImGui</Filter>
    </ClCompile>
    <ClCompile Include="src\Granola\ImGui\ImGuiLayer.cpp">
      <Filter>src\Granola\ImGui</Filter>
    </ClCompile>
    <ClCompile Include="src\Granola\Core\Layer.cpp">
      <Filter>src\Granola</Filter>
    </ClCompile>
    <ClCompile Include="src\Granola\Core\LayerStack.cpp">
      <Filter>src\Granola</Filter>
    </ClCompile>
    <ClCompile Include="src\Granola\Core\Log.cpp">
      <Filter>src\Granola</Filter>
    </ClCompile>
    <ClCompile Include="src\Platform\OpenGL\OpenGLContext.cpp">
      <Filter>src\Platform\OpenGL</Filter>
    </ClCompile>
    <ClCompile Include="src\Platform\Windows\WindowsInput.cpp">
      <Filter>src\Platform\Windows</Filter>
    </ClCompile>
    <ClCompile Include="src\Platform\Windows\WindowsWindow.cpp">
      <Filter>src\Platform\Windows</Filter>
    </ClCompile>
    <ClCompile Include="src\grlpch.cpp">
      <Filter>src</Filter>
    </ClCompile>
    <ClCompile Include="src\Granola\Renderer\Shader.cpp" />
    <ClCompile Include="src\Granola\Renderer\Buffer.cpp" />
    <ClCompile Include="src\Platform\OpenGL\OpenGLBuffer.cpp" />
    <ClCompile Include="src\Granola\Renderer\Renderer.cpp" />
    <ClCompile Include="src\Granola\Renderer\VertexArray.cpp" />
    <ClCompile Include="src\Granola\Utilities\ColorUtilities.cpp" />
    <ClCompile Include="src\Platform\OpenGL\OpenGLVertexArray.cpp" />
  </ItemGroup>
  <ItemGroup>
    <None Include="ClassDiagram.cd" />
    <None Include="cpp.hint" />
    <None Include="vendor\glm">
      <Filter>vendor</Filter>
    </None>
  </ItemGroup>
</Project>